{
  "name": "supla-rss",
  "version": "0.0.2",
  "lockfileVersion": 1,
  "requires": true,
  "dependencies": {
    "fast-xml-parser": {
      "version": "3.12.20",
      "resolved": "https://registry.npmjs.org/fast-xml-parser/-/fast-xml-parser-3.12.20.tgz",
      "integrity": "sha512-viadHdefuuqkyJWUhF2r2Ymb5LJ0T7uQhzSRv4OZzYxpoPQnY05KtaX0pLkolabD7tLzIE8q/OytIAEhqPyYbw==",
      "requires": {
        "nimnjs": "^1.3.2"
      }
    },
    "mime-db": {
      "version": "1.25.0",
      "resolved": "https://registry.npmjs.org/mime-db/-/mime-db-1.25.0.tgz",
      "integrity": "sha1-wY29fHOl2/b0SgJNwNFloeexw5I="
    },
    "mime-types": {
      "version": "2.1.13",
      "resolved": "https://registry.npmjs.org/mime-types/-/mime-types-2.1.13.tgz",
      "integrity": "sha1-4HqqnGxrmnyjASxpADrSWjnpKog=",
      "requires": {
        "mime-db": "~1.25.0"
      }
    },
    "nimn-date-parser": {
      "version": "1.0.0",
      "resolved": "https://registry.npmjs.org/nimn-date-parser/-/nimn-date-parser-1.0.0.tgz",
      "integrity": "sha512-1Nf+x3EeMvHUiHsVuEhiZnwA8RMeOBVTQWfB1S2n9+i6PYCofHd2HRMD+WOHIHYshy4T4Gk8wQoCol7Hq3av8Q=="
    },
    "nimn_schema_builder": {
      "version": "1.1.0",
      "resolved": "https://registry.npmjs.org/nimn_schema_builder/-/nimn_schema_builder-1.1.0.tgz",
      "integrity": "sha512-DK5/B8CM4qwzG2URy130avcwPev4uO0ev836FbQyKo1ms6I9z/i6EJyiZ+d9xtgloxUri0W+5gfR8YbPq7SheA=="
    },
    "nimnjs": {
      "version": "1.3.2",
      "resolved": "https://registry.npmjs.org/nimnjs/-/nimnjs-1.3.2.tgz",
      "integrity": "sha512-TIOtI4iqkQrUM1tiM76AtTQem0c7e56SkDZ7sj1d1MfUsqRcq2ZWQvej/O+HBTZV7u/VKnwlKTDugK/75IRPPw==",
      "requires": {
        "nimn-date-parser": "^1.0.0",
        "nimn_schema_builder": "^1.0.0"
      }
    },
    "node-fetch": {
      "version": "2.6.0",
      "resolved": "https://registry.npmjs.org/node-fetch/-/node-fetch-2.6.0.tgz",
      "integrity": "sha512-8dG4H5ujfvFiqDmVu9fQ5bOHUC15JMjMY/Zumv26oOvvVJjM67KF8koCWIabKQ1GJIa9r2mMZscBq/TbdOcmNA=="
    },
    "podcast": {
      "version": "1.1.0",
      "resolved": "https://registry.npmjs.org/podcast/-/podcast-1.1.0.tgz",
      "integrity": "sha512-LmH4hhZj+Kifeo/V/SaMCCrWNRJVuApK/MBZ2/4BZYX1pt4Rm51HoC9/55i+a1+8BbqMpuzunUWmNLwaFykx3A==",
      "requires": {
        "rss": "^1.2.2"
      }
    },
    "rss": {
      "version": "1.2.2",
      "resolved": "https://registry.npmjs.org/rss/-/rss-1.2.2.tgz",
      "integrity": "sha1-UKFpiHYTgTOnT5oF0r3I240nqSE=",
      "requires": {
        "mime-types": "2.1.13",
        "xml": "1.0.1"
      }
    },
    "xml": {
      "version": "1.0.1",
      "resolved": "https://registry.npmjs.org/xml/-/xml-1.0.1.tgz",
      "integrity": "sha1-eLpyAgApxbyHuKgaPPzXS0ovweU="
    }
  }
}
